github.com/coder/websocket v1.8.14 h1:9L0p0iKiNOibykf283eHkKUHHrpG7f65OE3BhhO7v9g=
github.com/coder/websocket v1.8.14/go.mod h1:NX3SzP+inril6yawo5CQXx8+fk145lPDC6pumgx0mVg=
github.com/pilot-protocol/beacon v0.1.0 h1:jXO8duAzzpB8K+9It0QwR9BRupgKZ8IQhuwqy7rqtmk=
github.com/pilot-protocol/beacon v0.1.0/go.mod h1:PejZP5sZ4s5Lrtc0wdYHSEJVc7cn6E8yqo0R4CV+iUo=
github.com/pilot-protocol/common v0.1.0 h1:m8mZZATgeBiFoqhWXPnskw2u0lNkWxHp0IagZK35V1g=
github.com/pilot-protocol/common v0.1.0/go.mod h1:4YZWHK5nhM+4RLmYTspLxxAFbyBII7yzQDAHq3Ul2ck=
golang.org/x/net v0.55.0 h1:bcvxaJn3e1U6InsFWt1JUq1aSjnRxLzT2rtD2KfkDF8=
golang.org/x/net v0.55.0/go.mod h1:L5U2KuzuOe1lY7Z+aWVIKK6qEeJXnXV9yzGA+WCHJww=
golang.org/x/sys v0.45.0 h1:dO4czNzziLiiXplLQgBCEpCvXQ3dnkn0SdaZSYdQ+FY=
golang.org/x/sys v0.45.0/go.mod h1:4GL1E5IUh+htKOUEOaiffhrAeqysfVGipDYzABqnCmw=
