github.com/coder/websocket v1.8.15 h1:6B2JPeOGlpff2Uz6vOEH1Vzpi0iUz20A+lPVhPHtNUA=
github.com/pilot-protocol/beacon v0.2.6 h1:grxwaVyPRUT0W6coyjYfNkO0rpzOIrwrKn94S21DuVE=
github.com/pilot-protocol/beacon v0.2.6/go.mod h1:I/UhEv097g1z/qtAVDZbEhf3R5tzM0Dp71vGHah52A4=
github.com/pilot-protocol/common v0.5.5 h1:mnv3q84alVaotGD+Qxfo4ECFEquqsUwrI3mjKIGUKFY=
github.com/pilot-protocol/common v0.5.5/go.mod h1:yrAwPXGVMbXU+SADvOCmbdXjK/wJ3uA0KshyLvRlej4=
golang.org/x/net v0.56.0 h1:Rw8j/hFzGvJUZwNBXnAtf5sVDVt+65SK2C7IxCxZt5o=
golang.org/x/sys v0.46.0 h1:noSf2Fq6F8DBgS+LysIkx7rIExoNHJsxOAtPp4rthXw=
